
Microsoft Visual Studio Solution File, Format Version 12.00
# Visual Studio Version 17
VisualStudioVersion = 17.12.35527.113 d17.12
MinimumVisualStudioVersion = 10.0.40219.1
Project("{FAE04EC0-301F-11D3-BF4B-00C04F79EFBC}") = "Content Hub - Scripts examples", "Content Hub - Scripts examples\Content Hub - Scripts examples.csproj", "{6C23B42A-2CC3-41EA-95A0-0A3B67BEDD02}"
EndProject
Project("{FAE04EC0-301F-11D3-BF4B-00C04F79EFBC}") = "Action_script_with_a_validation_trigger", "Action_script_with_a_validation_trigger\Action_script_with_a_validation_trigger.csproj", "{867DE0C7-7D6A-4D28-A104-8AD6499B10B7}"
EndProject
Project("{FAE04EC0-301F-11D3-BF4B-00C04F79EFBC}") = "Action_script_with_a_security_trigger", "Action_script_with_a_security_trigger\Action_script_with_a_security_trigger.csproj", "{FCC25305-F179-4F98-BCF1-82771331804F}"
EndProject
Project("{FAE04EC0-301F-11D3-BF4B-00C04F79EFBC}") = "Media_processing_script", "Media_processing_script\Media_processing_script.csproj", "{42D68A48-3F98-4A9E-9F37-1C090EC75C8C}"
EndProject
Global
	GlobalSection(SolutionConfigurationPlatforms) = preSolution
		Debug|Any CPU = Debug|Any CPU
		Release|Any CPU = Release|Any CPU
	EndGlobalSection
	GlobalSection(ProjectConfigurationPlatforms) = postSolution
		{6C23B42A-2CC3-41EA-95A0-0A3B67BEDD02}.Debug|Any CPU.ActiveCfg = Debug|Any CPU
		{6C23B42A-2CC3-41EA-95A0-0A3B67BEDD02}.Debug|Any CPU.Build.0 = Debug|Any CPU
		{6C23B42A-2CC3-41EA-95A0-0A3B67BEDD02}.Release|Any CPU.ActiveCfg = Release|Any CPU
		{6C23B42A-2CC3-41EA-95A0-0A3B67BEDD02}.Release|Any CPU.Build.0 = Release|Any CPU
		{867DE0C7-7D6A-4D28-A104-8AD6499B10B7}.Debug|Any CPU.ActiveCfg = Debug|Any CPU
		{867DE0C7-7D6A-4D28-A104-8AD6499B10B7}.Debug|Any CPU.Build.0 = Debug|Any CPU
		{867DE0C7-7D6A-4D28-A104-8AD6499B10B7}.Release|Any CPU.ActiveCfg = Release|Any CPU
		{867DE0C7-7D6A-4D28-A104-8AD6499B10B7}.Release|Any CPU.Build.0 = Release|Any CPU
		{FCC25305-F179-4F98-BCF1-82771331804F}.Debug|Any CPU.ActiveCfg = Debug|Any CPU
		{FCC25305-F179-4F98-BCF1-82771331804F}.Debug|Any CPU.Build.0 = Debug|Any CPU
		{FCC25305-F179-4F98-BCF1-82771331804F}.Release|Any CPU.ActiveCfg = Release|Any CPU
		{FCC25305-F179-4F98-BCF1-82771331804F}.Release|Any CPU.Build.0 = Release|Any CPU
		{42D68A48-3F98-4A9E-9F37-1C090EC75C8C}.Debug|Any CPU.ActiveCfg = Debug|Any CPU
		{42D68A48-3F98-4A9E-9F37-1C090EC75C8C}.Debug|Any CPU.Build.0 = Debug|Any CPU
		{42D68A48-3F98-4A9E-9F37-1C090EC75C8C}.Release|Any CPU.ActiveCfg = Release|Any CPU
		{42D68A48-3F98-4A9E-9F37-1C090EC75C8C}.Release|Any CPU.Build.0 = Release|Any CPU
	EndGlobalSection
	GlobalSection(SolutionProperties) = preSolution
		HideSolutionNode = FALSE
	EndGlobalSection
EndGlobal
